
Microsoft Visual Studio Solution File, Format Version 12.00
# Visual Studio Version 17
VisualStudioVersion = 17.8.34330.188
MinimumVisualStudioVersion = 10.0.40219.1
Project("{FAE04EC0-301F-11D3-BF4B-00C04F79EFBC}") = "cs-file-search", "cs-file-search\cs-file-search.csproj", "{9099E733-26F1-473B-B6EC-CD882652298F}"
EndProject
Global
	GlobalSection(SolutionConfigurationPlatforms) = preSolution
		Debug|Any CPU = Debug|Any CPU
		Release|Any CPU = Release|Any CPU
	EndGlobalSection
	GlobalSection(ProjectConfigurationPlatforms) = postSolution
		{9099E733-26F1-473B-B6EC-CD882652298F}.Debug|Any CPU.ActiveCfg = Debug|Any CPU
		{9099E733-26F1-473B-B6EC-CD882652298F}.Debug|Any CPU.Build.0 = Debug|Any CPU
		{9099E733-26F1-473B-B6EC-CD882652298F}.Release|Any CPU.ActiveCfg = Release|Any CPU
		{9099E733-26F1-473B-B6EC-CD882652298F}.Release|Any CPU.Build.0 = Release|Any CPU
	EndGlobalSection
	GlobalSection(SolutionProperties) = preSolution
		HideSolutionNode = FALSE
	EndGlobalSection
	GlobalSection(ExtensibilityGlobals) = postSolution
		SolutionGuid = {ACFC0B0F-A13A-47F8-9246-965F9E2371F1}
	EndGlobalSection
EndGlobal
